PODS:
  - Nimble (3.0.0)
  - Quick (0.8.0)

DEPENDENCIES:
  - Nimble (= 3.0.0)
  - Quick (~> 0.8.0)

SPEC CHECKSUMS:
  Nimble: 4c353d43735b38b545cbb4cb91504588eb5de926
  Quick: 563d0f6ec5f72e394645adb377708639b7dd38ab

PODFILE CHECKSUM: c71bad96c27f3735567534c127e488d75d249a6d

COCOAPODS: 1.0.0.beta.1
